
Microsoft Visual Studio Solution File, Format Version 12.00
# Visual Studio Version 16
VisualStudioVersion = 25.0.1700.5
MinimumVisualStudioVersion = 10.0.40219.1
Project("{FAE04EC0-301F-11D3-BF4B-00C04F79EFBC}") = "RazorPagesApp", "RazorPagesApp\RazorPagesApp.csproj", "{48162AF3-C2E8-4F4F-AC35-ADD94592A977}"
EndProject
Global
	GlobalSection(SolutionConfigurationPlatforms) = preSolution
		Debug|Any CPU = Debug|Any CPU
		Release|Any CPU = Release|Any CPU
	EndGlobalSection
	GlobalSection(ProjectConfigurationPlatforms) = postSolution
		{48162AF3-C2E8-4F4F-AC35-ADD94592A977}.Debug|Any CPU.ActiveCfg = Debug|Any CPU
		{48162AF3-C2E8-4F4F-AC35-ADD94592A977}.Debug|Any CPU.Build.0 = Debug|Any CPU
		{48162AF3-C2E8-4F4F-AC35-ADD94592A977}.Release|Any CPU.ActiveCfg = Release|Any CPU
		{48162AF3-C2E8-4F4F-AC35-ADD94592A977}.Release|Any CPU.Build.0 = Release|Any CPU
	EndGlobalSection
	GlobalSection(SolutionProperties) = preSolution
		HideSolutionNode = FALSE
	EndGlobalSection
	GlobalSection(ExtensibilityGlobals) = postSolution
		SolutionGuid = {F5CB7975-0383-486C-A33A-E0A08E666A81}
	EndGlobalSection
EndGlobal
